
Microsoft Visual Studio Solution File, Format Version 12.00
# Visual Studio 15
VisualStudioVersion = 15.0.26730.3
MinimumVisualStudioVersion = 10.0.40219.1
Project("{FAE04EC0-301F-11D3-BF4B-00C04F79EFBC}") = "Cake.Compression", "Cake.Compression\Cake.Compression.csproj", "{DFCE574D-731A-4C89-9B74-9FF2A93ED966}"
EndProject
Project("{FAE04EC0-301F-11D3-BF4B-00C04F79EFBC}") = "Cake.Compression.Tests", "Cake.Compression.Tests\Cake.Compression.Tests.csproj", "{CF6FF57A-EDBE-4AE4-B03D-970B9A54744F}"
EndProject
Project("{2150E333-8FDC-42A3-9474-1A3956D46DE8}") = "Build", "Build", "{5CF45611-BAAE-42E7-BD9C-3910A7DEB68C}"
	ProjectSection(SolutionItems) = preProject
		..\build.bat = ..\build.bat
		..\build.cake = ..\build.cake
		..\build.ps1 = ..\build.ps1
		..\build.sh = ..\build.sh
	EndProjectSection
EndProject
Project("{2150E333-8FDC-42A3-9474-1A3956D46DE8}") = "Project", "Project", "{8CF42A9F-2A6F-4E2B-9495-A90E3A0A3032}"
	ProjectSection(SolutionItems) = preProject
		..\LICENSE.txt = ..\LICENSE.txt
		..\README.md = ..\README.md
	EndProjectSection
EndProject
Global
	GlobalSection(SolutionConfigurationPlatforms) = preSolution
		Debug|Any CPU = Debug|Any CPU
		Release|Any CPU = Release|Any CPU
	EndGlobalSection
	GlobalSection(ProjectConfigurationPlatforms) = postSolution
		{DFCE574D-731A-4C89-9B74-9FF2A93ED966}.Debug|Any CPU.ActiveCfg = Debug|Any CPU
		{DFCE574D-731A-4C89-9B74-9FF2A93ED966}.Debug|Any CPU.Build.0 = Debug|Any CPU
		{DFCE574D-731A-4C89-9B74-9FF2A93ED966}.Release|Any CPU.ActiveCfg = Release|Any CPU
		{DFCE574D-731A-4C89-9B74-9FF2A93ED966}.Release|Any CPU.Build.0 = Release|Any CPU
		{CF6FF57A-EDBE-4AE4-B03D-970B9A54744F}.Debug|Any CPU.ActiveCfg = Debug|Any CPU
		{CF6FF57A-EDBE-4AE4-B03D-970B9A54744F}.Debug|Any CPU.Build.0 = Debug|Any CPU
		{CF6FF57A-EDBE-4AE4-B03D-970B9A54744F}.Release|Any CPU.ActiveCfg = Release|Any CPU
		{CF6FF57A-EDBE-4AE4-B03D-970B9A54744F}.Release|Any CPU.Build.0 = Release|Any CPU
	EndGlobalSection
	GlobalSection(SolutionProperties) = preSolution
		HideSolutionNode = FALSE
	EndGlobalSection
	GlobalSection(ExtensibilityGlobals) = postSolution
		SolutionGuid = {FFF88EAA-356D-491C-A3DA-3037CCE6EA6F}
	EndGlobalSection
EndGlobal
